{
  "R": {
    "Version": "4.2.2",
    "Repositories": [
      {
        "Name": "CRAN",
        "URL": "https://cran.rstudio.com"
      },
      {
        "Name": "CRANextra",
        "URL": "http://www.stats.ox.ac.uk/pub/RWin"
      }
    ]
  },
  "Packages": {
    "renv": {
      "Package": "renv",
      "Version": "0.16.0",
      "Source": "Repository",
      "Repository": "CRAN",
      "Hash": "c9e8442ab69bc21c9697ecf856c1e6c7",
      "Requirements": []
    }
  }
}
